
Microsoft Visual Studio Solution File, Format Version 12.00
# Visual Studio Version 17
VisualStudioVersion = 17.11.35312.102
MinimumVisualStudioVersion = 10.0.40219.1
Project("{FAE04EC0-301F-11D3-BF4B-00C04F79EFBC}") = "AssignmentNET1041", "AssignmentNET1041\AssignmentNET1041.csproj", "{4398EFF5-2AFE-4332-A880-0AE1A09495AA}"
EndProject
Global
	GlobalSection(SolutionConfigurationPlatforms) = preSolution
		Debug|Any CPU = Debug|Any CPU
		Release|Any CPU = Release|Any CPU
	EndGlobalSection
	GlobalSection(ProjectConfigurationPlatforms) = postSolution
		{4398EFF5-2AFE-4332-A880-0AE1A09495AA}.Debug|Any CPU.ActiveCfg = Debug|Any CPU
		{4398EFF5-2AFE-4332-A880-0AE1A09495AA}.Debug|Any CPU.Build.0 = Debug|Any CPU
		{4398EFF5-2AFE-4332-A880-0AE1A09495AA}.Release|Any CPU.ActiveCfg = Release|Any CPU
		{4398EFF5-2AFE-4332-A880-0AE1A09495AA}.Release|Any CPU.Build.0 = Release|Any CPU
	EndGlobalSection
	GlobalSection(SolutionProperties) = preSolution
		HideSolutionNode = FALSE
	EndGlobalSection
	GlobalSection(ExtensibilityGlobals) = postSolution
		SolutionGuid = {7C1B27C7-062D-4493-9C57-D9DC38B3B792}
	EndGlobalSection
EndGlobal
